// !$*UTF8*$!
{
	archiveVersion = 1;
	classes = {
	};
	objectVersion = 51;
	objects = {

/* Begin PBXBuildFile section */
		581C91D08EEC8E52109F9653 /* Pods_ETSWorkshop.framework in Frameworks */ = {isa = PBXBuildFile; fileRef = FDB8DDA2219227834AC1B511 /* Pods_ETSWorkshop.framework */; };
		F70A03D8262A0DFF0016250F /* AppDelegate.swift in Sources */ = {isa = PBXBuildFile; fileRef = F70A03D7262A0DFF0016250F /* AppDelegate.swift */; };
		F70A03DC262A0DFF0016250F /* HomeViewController.swift in Sources */ = {isa = PBXBuildFile; fileRef = F70A03DB262A0DFF0016250F /* HomeViewController.swift */; };
		F70A03DF262A0DFF0016250F /* Main.storyboard in Resources */ = {isa = PBXBuildFile; fileRef = F70A03DD262A0DFF0016250F /* Main.storyboard */; };
		F70A03E1262A0E000016250F /* Assets.xcassets in Resources */ = {isa = PBXBuildFile; fileRef = F70A03E0262A0E000016250F /* Assets.xcassets */; };
		F70A03E4262A0E000016250F /* LaunchScreen.storyboard in Resources */ = {isa = PBXBuildFile; fileRef = F70A03E2262A0E000016250F /* LaunchScreen.storyboard */; };
		F7991AF6262A3194003CE562 /* PersonData.swift in Sources */ = {isa = PBXBuildFile; fileRef = F7991AF5262A3194003CE562 /* PersonData.swift */; };
		F7991AF9262A3210003CE562 /* HomeViewModel.swift in Sources */ = {isa = PBXBuildFile; fileRef = F7991AF8262A3210003CE562 /* HomeViewModel.swift */; };
		F7991AFF262A3629003CE562 /* PersonTableViewCell.swift in Sources */ = {isa = PBXBuildFile; fileRef = F7991AFD262A3629003CE562 /* PersonTableViewCell.swift */; };
		F7991B00262A3629003CE562 /* PersonTableViewCell.xib in Resources */ = {isa = PBXBuildFile; fileRef = F7991AFE262A3629003CE562 /* PersonTableViewCell.xib */; };
		F7991B0D262AF871003CE562 /* PersonDetailVC.swift in Sources */ = {isa = PBXBuildFile; fileRef = F7991B0C262AF871003CE562 /* PersonDetailVC.swift */; };
		F7991B1E262B013C003CE562 /* ETSGradientButton.swift in Sources */ = {isa = PBXBuildFile; fileRef = F7991B1D262B013C003CE562 /* ETSGradientButton.swift */; };
		F7991B3B262B0CEF003CE562 /* PersonDetailViewModel.swift in Sources */ = {isa = PBXBuildFile; fileRef = F7991B3A262B0CEF003CE562 /* PersonDetailViewModel.swift */; };
		F7991B3F262B10A2003CE562 /* Date+Extensitons.swift in Sources */ = {isa = PBXBuildFile; fileRef = F7991B3E262B10A2003CE562 /* Date+Extensitons.swift */; };
		F7991B44262B2665003CE562 /* String+Extensions.swift in Sources */ = {isa = PBXBuildFile; fileRef = F7991B43262B2665003CE562 /* String+Extensions.swift */; };
		F7991B47262B2825003CE562 /* RegexPattern.swift in Sources */ = {isa = PBXBuildFile; fileRef = F7991B46262B2825003CE562 /* RegexPattern.swift */; };
		F7991B5E262B5DBB003CE562 /* MessageVC.swift in Sources */ = {isa = PBXBuildFile; fileRef = F7991B5D262B5DBB003CE562 /* MessageVC.swift */; };
		F7991B66262B641F003CE562 /* Rubik-Regular.ttf in Resources */ = {isa = PBXBuildFile; fileRef = F7991B62262B641F003CE562 /* Rubik-Regular.ttf */; };
		F7991B67262B641F003CE562 /* Rubik-Medium.ttf in Resources */ = {isa = PBXBuildFile; fileRef = F7991B63262B641F003CE562 /* Rubik-Medium.ttf */; };
		F7991B68262B641F003CE562 /* Rubik-Bold.ttf in Resources */ = {isa = PBXBuildFile; fileRef = F7991B64262B641F003CE562 /* Rubik-Bold.ttf */; };
		F7991B69262B641F003CE562 /* Rubik-SemiBold.ttf in Resources */ = {isa = PBXBuildFile; fileRef = F7991B65262B641F003CE562 /* Rubik-SemiBold.ttf */; };
		F7991B78262B64DC003CE562 /* FontFace.swift in Sources */ = {isa = PBXBuildFile; fileRef = F7991B77262B64DC003CE562 /* FontFace.swift */; };
		F7991CF7262B6DB0003CE562 /* ETSLabelTextFieldView.swift in Sources */ = {isa = PBXBuildFile; fileRef = F7991CF6262B6DB0003CE562 /* ETSLabelTextFieldView.swift */; };
		F7991CFA262B6DBC003CE562 /* ETSLabelTextFieldView.xib in Resources */ = {isa = PBXBuildFile; fileRef = F7991CF9262B6DBC003CE562 /* ETSLabelTextFieldView.xib */; };
		F7991D03262B6FC0003CE562 /* ETSLabelDatePickerView.swift in Sources */ = {isa = PBXBuildFile; fileRef = F7991D02262B6FC0003CE562 /* ETSLabelDatePickerView.swift */; };
		F7991D07262B6FCC003CE562 /* ETSLabelDatePickerView.xib in Resources */ = {isa = PBXBuildFile; fileRef = F7991D06262B6FCC003CE562 /* ETSLabelDatePickerView.xib */; };
		F7991D0B262B70D5003CE562 /* ETSLabelPhoneTextFieldView.swift in Sources */ = {isa = PBXBuildFile; fileRef = F7991D0A262B70D5003CE562 /* ETSLabelPhoneTextFieldView.swift */; };
		F7991D0F262B70DB003CE562 /* ETSLabelPhoneTextFieldView.xib in Resources */ = {isa = PBXBuildFile; fileRef = F7991D0E262B70DB003CE562 /* ETSLabelPhoneTextFieldView.xib */; };
		F7991D22262B8814003CE562 /* TextField+Extentions.swift in Sources */ = {isa = PBXBuildFile; fileRef = F7991D21262B8814003CE562 /* TextField+Extentions.swift */; };
/* End PBXBuildFile section */

/* Begin PBXFileReference section */
		7754AEDE999D356EBB8FE026 /* Pods-ETSWorkshop.debug.xcconfig */ = {isa = PBXFileReference; includeInIndex = 1; lastKnownFileType = text.xcconfig; name = "Pods-ETSWorkshop.debug.xcconfig"; path = "Target Support Files/Pods-ETSWorkshop/Pods-ETSWorkshop.debug.xcconfig"; sourceTree = "<group>"; };
		7D8380383D03085775FCBAA2 /* Pods-ETSWorkshop.release.xcconfig */ = {isa = PBXFileReference; includeInIndex = 1; lastKnownFileType = text.xcconfig; name = "Pods-ETSWorkshop.release.xcconfig"; path = "Target Support Files/Pods-ETSWorkshop/Pods-ETSWorkshop.release.xcconfig"; sourceTree = "<group>"; };
		F70A03D4262A0DFF0016250F /* ETSWorkshop.app */ = {isa = PBXFileReference; explicitFileType = wrapper.application; includeInIndex = 0; path = ETSWorkshop.app; sourceTree = BUILT_PRODUCTS_DIR; };
		F70A03D7262A0DFF0016250F /* AppDelegate.swift */ = {isa = PBXFileReference; lastKnownFileType = sourcecode.swift; path = AppDelegate.swift; sourceTree = "<group>"; };
		F70A03DB262A0DFF0016250F /* HomeViewController.swift */ = {isa = PBXFileReference; lastKnownFileType = sourcecode.swift; path = HomeViewController.swift; sourceTree = "<group>"; };
		F70A03DE262A0DFF0016250F /* Base */ = {isa = PBXFileReference; lastKnownFileType = file.storyboard; name = Base; path = Base.lproj/Main.storyboard; sourceTree = "<group>"; };
		F70A03E0262A0E000016250F /* Assets.xcassets */ = {isa = PBXFileReference; lastKnownFileType = folder.assetcatalog; path = Assets.xcassets; sourceTree = "<group>"; };
		F70A03E3262A0E000016250F /* Base */ = {isa = PBXFileReference; lastKnownFileType = file.storyboard; name = Base; path = Base.lproj/LaunchScreen.storyboard; sourceTree = "<group>"; };
		F70A03E5262A0E000016250F /* Info.plist */ = {isa = PBXFileReference; lastKnownFileType = text.plist.xml; path = Info.plist; sourceTree = "<group>"; };
		F7991AF5262A3194003CE562 /* PersonData.swift */ = {isa = PBXFileReference; lastKnownFileType = sourcecode.swift; path = PersonData.swift; sourceTree = "<group>"; };
		F7991AF8262A3210003CE562 /* HomeViewModel.swift */ = {isa = PBXFileReference; lastKnownFileType = sourcecode.swift; path = HomeViewModel.swift; sourceTree = "<group>"; };
		F7991AFD262A3629003CE562 /* PersonTableViewCell.swift */ = {isa = PBXFileReference; lastKnownFileType = sourcecode.swift; path = PersonTableViewCell.swift; sourceTree = "<group>"; };
		F7991AFE262A3629003CE562 /* PersonTableViewCell.xib */ = {isa = PBXFileReference; lastKnownFileType = file.xib; path = PersonTableViewCell.xib; sourceTree = "<group>"; };
		F7991B0C262AF871003CE562 /* PersonDetailVC.swift */ = {isa = PBXFileReference; lastKnownFileType = sourcecode.swift; path = PersonDetailVC.swift; sourceTree = "<group>"; };
		F7991B1D262B013C003CE562 /* ETSGradientButton.swift */ = {isa = PBXFileReference; lastKnownFileType = sourcecode.swift; path = ETSGradientButton.swift; sourceTree = "<group>"; };
		F7991B3A262B0CEF003CE562 /* PersonDetailViewModel.swift */ = {isa = PBXFileReference; lastKnownFileType = sourcecode.swift; path = PersonDetailViewModel.swift; sourceTree = "<group>"; };
		F7991B3E262B10A2003CE562 /* Date+Extensitons.swift */ = {isa = PBXFileReference; lastKnownFileType = sourcecode.swift; path = "Date+Extensitons.swift"; sourceTree = "<group>"; };
		F7991B43262B2665003CE562 /* String+Extensions.swift */ = {isa = PBXFileReference; lastKnownFileType = sourcecode.swift; path = "String+Extensions.swift"; sourceTree = "<group>"; };
		F7991B46262B2825003CE562 /* RegexPattern.swift */ = {isa = PBXFileReference; lastKnownFileType = sourcecode.swift; path = RegexPattern.swift; sourceTree = "<group>"; };
		F7991B5D262B5DBB003CE562 /* MessageVC.swift */ = {isa = PBXFileReference; lastKnownFileType = sourcecode.swift; path = MessageVC.swift; sourceTree = "<group>"; };
		F7991B62262B641F003CE562 /* Rubik-Regular.ttf */ = {isa = PBXFileReference; lastKnownFileType = file; path = "Rubik-Regular.ttf"; sourceTree = "<group>"; };
		F7991B63262B641F003CE562 /* Rubik-Medium.ttf */ = {isa = PBXFileReference; lastKnownFileType = file; path = "Rubik-Medium.ttf"; sourceTree = "<group>"; };
		F7991B64262B641F003CE562 /* Rubik-Bold.ttf */ = {isa = PBXFileReference; lastKnownFileType = file; path = "Rubik-Bold.ttf"; sourceTree = "<group>"; };
		F7991B65262B641F003CE562 /* Rubik-SemiBold.ttf */ = {isa = PBXFileReference; lastKnownFileType = file; path = "Rubik-SemiBold.ttf"; sourceTree = "<group>"; };
		F7991B77262B64DC003CE562 /* FontFace.swift */ = {isa = PBXFileReference; lastKnownFileType = sourcecode.swift; path = FontFace.swift; sourceTree = "<group>"; };
		F7991CF6262B6DB0003CE562 /* ETSLabelTextFieldView.swift */ = {isa = PBXFileReference; lastKnownFileType = sourcecode.swift; path = ETSLabelTextFieldView.swift; sourceTree = "<group>"; };
		F7991CF9262B6DBC003CE562 /* ETSLabelTextFieldView.xib */ = {isa = PBXFileReference; lastKnownFileType = file.xib; path = ETSLabelTextFieldView.xib; sourceTree = "<group>"; };
		F7991D02262B6FC0003CE562 /* ETSLabelDatePickerView.swift */ = {isa = PBXFileReference; lastKnownFileType = sourcecode.swift; path = ETSLabelDatePickerView.swift; sourceTree = "<group>"; };
		F7991D06262B6FCC003CE562 /* ETSLabelDatePickerView.xib */ = {isa = PBXFileReference; lastKnownFileType = file.xib; path = ETSLabelDatePickerView.xib; sourceTree = "<group>"; };
		F7991D0A262B70D5003CE562 /* ETSLabelPhoneTextFieldView.swift */ = {isa = PBXFileReference; lastKnownFileType = sourcecode.swift; path = ETSLabelPhoneTextFieldView.swift; sourceTree = "<group>"; };
		F7991D0E262B70DB003CE562 /* ETSLabelPhoneTextFieldView.xib */ = {isa = PBXFileReference; lastKnownFileType = file.xib; path = ETSLabelPhoneTextFieldView.xib; sourceTree = "<group>"; };
		F7991D21262B8814003CE562 /* TextField+Extentions.swift */ = {isa = PBXFileReference; lastKnownFileType = sourcecode.swift; path = "TextField+Extentions.swift"; sourceTree = "<group>"; };
		FDB8DDA2219227834AC1B511 /* Pods_ETSWorkshop.framework */ = {isa = PBXFileReference; explicitFileType = wrapper.framework; includeInIndex = 0; path = Pods_ETSWorkshop.framework; sourceTree = BUILT_PRODUCTS_DIR; };
/* End PBXFileReference section */

/* Begin PBXFrameworksBuildPhase section */
		F70A03D1262A0DFF0016250F /* Frameworks */ = {
			isa = PBXFrameworksBuildPhase;
			buildActionMask = 2147483647;
			files = (
				581C91D08EEC8E52109F9653 /* Pods_ETSWorkshop.framework in Frameworks */,
			);
			runOnlyForDeploymentPostprocessing = 0;
		};
/* End PBXFrameworksBuildPhase section */

/* Begin PBXGroup section */
		505635670ECDD1DA976F51B3 /* Pods */ = {
			isa = PBXGroup;
			children = (
				7754AEDE999D356EBB8FE026 /* Pods-ETSWorkshop.debug.xcconfig */,
				7D8380383D03085775FCBAA2 /* Pods-ETSWorkshop.release.xcconfig */,
			);
			path = Pods;
			sourceTree = "<group>";
		};
		63325E80B3514C6D9BA00080 /* Frameworks */ = {
			isa = PBXGroup;
			children = (
				FDB8DDA2219227834AC1B511 /* Pods_ETSWorkshop.framework */,
			);
			name = Frameworks;
			sourceTree = "<group>";
		};
		F70A03CB262A0DFF0016250F = {
			isa = PBXGroup;
			children = (
				F70A03D6262A0DFF0016250F /* ETSWorkshop */,
				F70A03D5262A0DFF0016250F /* Products */,
				505635670ECDD1DA976F51B3 /* Pods */,
				63325E80B3514C6D9BA00080 /* Frameworks */,
			);
			sourceTree = "<group>";
		};
		F70A03D5262A0DFF0016250F /* Products */ = {
			isa = PBXGroup;
			children = (
				F70A03D4262A0DFF0016250F /* ETSWorkshop.app */,
			);
			name = Products;
			sourceTree = "<group>";
		};
		F70A03D6262A0DFF0016250F /* ETSWorkshop */ = {
			isa = PBXGroup;
			children = (
				F70A03DD262A0DFF0016250F /* Main.storyboard */,
				F70A03ED262A0F700016250F /* Model */,
				F70A03EE262A0F740016250F /* View */,
				F70A03F0262A0F890016250F /* Supporting Files */,
				F7991B3D262B1090003CE562 /* Helpers */,
				F7991B60262B6404003CE562 /* Resource */,
			);
			path = ETSWorkshop;
			sourceTree = "<group>";
		};
		F70A03ED262A0F700016250F /* Model */ = {
			isa = PBXGroup;
			children = (
				F7991AF5262A3194003CE562 /* PersonData.swift */,
			);
			path = Model;
			sourceTree = "<group>";
		};
		F70A03EE262A0F740016250F /* View */ = {
			isa = PBXGroup;
			children = (
				F7991B0A262AF859003CE562 /* Home */,
				F7991B08262AF850003CE562 /* Detail */,
				F7991B72262B64B6003CE562 /* Message */,
				F7991B41262B1168003CE562 /* Custom Views */,
			);
			path = View;
			sourceTree = "<group>";
		};
		F70A03EF262A0F790016250F /* ViewModel */ = {
			isa = PBXGroup;
			children = (
				F7991AF8262A3210003CE562 /* HomeViewModel.swift */,
			);
			path = ViewModel;
			sourceTree = "<group>";
		};
		F70A03F0262A0F890016250F /* Supporting Files */ = {
			isa = PBXGroup;
			children = (
				F70A03D7262A0DFF0016250F /* AppDelegate.swift */,
				F70A03E0262A0E000016250F /* Assets.xcassets */,
				F70A03E2262A0E000016250F /* LaunchScreen.storyboard */,
				F70A03E5262A0E000016250F /* Info.plist */,
			);
			path = "Supporting Files";
			sourceTree = "<group>";
		};
		F7991AFC262A3619003CE562 /* TableViewCells */ = {
			isa = PBXGroup;
			children = (
				F7991AFD262A3629003CE562 /* PersonTableViewCell.swift */,
				F7991AFE262A3629003CE562 /* PersonTableViewCell.xib */,
			);
			path = TableViewCells;
			sourceTree = "<group>";
		};
		F7991B08262AF850003CE562 /* Detail */ = {
			isa = PBXGroup;
			children = (
				F7991B6D262B6497003CE562 /* ViewModel */,
				F7991B70262B64A4003CE562 /* Controller */,
			);
			path = Detail;
			sourceTree = "<group>";
		};
		F7991B0A262AF859003CE562 /* Home */ = {
			isa = PBXGroup;
			children = (
				F70A03EF262A0F790016250F /* ViewModel */,
				F7991B6B262B648D003CE562 /* Controller */,
				F7991AFC262A3619003CE562 /* TableViewCells */,
			);
			path = Home;
			sourceTree = "<group>";
		};
		F7991B3D262B1090003CE562 /* Helpers */ = {
			isa = PBXGroup;
			children = (
				F7991B76262B64CB003CE562 /* Font Face */,
				F7991B3E262B10A2003CE562 /* Date+Extensitons.swift */,
				F7991B43262B2665003CE562 /* String+Extensions.swift */,
				F7991B46262B2825003CE562 /* RegexPattern.swift */,
				F7991D21262B8814003CE562 /* TextField+Extentions.swift */,
			);
			path = Helpers;
			sourceTree = "<group>";
		};
		F7991B41262B1168003CE562 /* Custom Views */ = {
			isa = PBXGroup;
			children = (
				F7991D11262B7175003CE562 /* ETSGradientButton */,
				F7991CFC262B6F74003CE562 /* ETSLabelTextFieldView */,
				F7991CFF262B6F7F003CE562 /* ETSLabelDatePickerView */,
				F7991D09262B70C2003CE562 /* ETSLabelPhoneTextFieldView */,
			);
			path = "Custom Views";
			sourceTree = "<group>";
		};
		F7991B60262B6404003CE562 /* Resource */ = {
			isa = PBXGroup;
			children = (
				F7991B61262B6409003CE562 /* Font */,
			);
			path = Resource;
			sourceTree = "<group>";
		};
		F7991B61262B6409003CE562 /* Font */ = {
			isa = PBXGroup;
			children = (
				F7991B64262B641F003CE562 /* Rubik-Bold.ttf */,
				F7991B63262B641F003CE562 /* Rubik-Medium.ttf */,
				F7991B62262B641F003CE562 /* Rubik-Regular.ttf */,
				F7991B65262B641F003CE562 /* Rubik-SemiBold.ttf */,
			);
			path = Font;
			sourceTree = "<group>";
		};
		F7991B6B262B648D003CE562 /* Controller */ = {
			isa = PBXGroup;
			children = (
				F70A03DB262A0DFF0016250F /* HomeViewController.swift */,
			);
			path = Controller;
			sourceTree = "<group>";
		};
		F7991B6D262B6497003CE562 /* ViewModel */ = {
			isa = PBXGroup;
			children = (
				F7991B3A262B0CEF003CE562 /* PersonDetailViewModel.swift */,
			);
			path = ViewModel;
			sourceTree = "<group>";
		};
		F7991B70262B64A4003CE562 /* Controller */ = {
			isa = PBXGroup;
			children = (
				F7991B0C262AF871003CE562 /* PersonDetailVC.swift */,
			);
			path = Controller;
			sourceTree = "<group>";
		};
		F7991B72262B64B6003CE562 /* Message */ = {
			isa = PBXGroup;
			children = (
				F7991B74262B64BF003CE562 /* Controller */,
			);
			path = Message;
			sourceTree = "<group>";
		};
		F7991B74262B64BF003CE562 /* Controller */ = {
			isa = PBXGroup;
			children = (
				F7991B5D262B5DBB003CE562 /* MessageVC.swift */,
			);
			path = Controller;
			sourceTree = "<group>";
		};
		F7991B76262B64CB003CE562 /* Font Face */ = {
			isa = PBXGroup;
			children = (
				F7991B77262B64DC003CE562 /* FontFace.swift */,
			);
			path = "Font Face";
			sourceTree = "<group>";
		};
		F7991CFC262B6F74003CE562 /* ETSLabelTextFieldView */ = {
			isa = PBXGroup;
			children = (
				F7991CF6262B6DB0003CE562 /* ETSLabelTextFieldView.swift */,
				F7991CF9262B6DBC003CE562 /* ETSLabelTextFieldView.xib */,
			);
			path = ETSLabelTextFieldView;
			sourceTree = "<group>";
		};
		F7991CFF262B6F7F003CE562 /* ETSLabelDatePickerView */ = {
			isa = PBXGroup;
			children = (
				F7991D02262B6FC0003CE562 /* ETSLabelDatePickerView.swift */,
				F7991D06262B6FCC003CE562 /* ETSLabelDatePickerView.xib */,
			);
			path = ETSLabelDatePickerView;
			sourceTree = "<group>";
		};
		F7991D09262B70C2003CE562 /* ETSLabelPhoneTextFieldView */ = {
			isa = PBXGroup;
			children = (
				F7991D0A262B70D5003CE562 /* ETSLabelPhoneTextFieldView.swift */,
				F7991D0E262B70DB003CE562 /* ETSLabelPhoneTextFieldView.xib */,
			);
			path = ETSLabelPhoneTextFieldView;
			sourceTree = "<group>";
		};
		F7991D11262B7175003CE562 /* ETSGradientButton */ = {
			isa = PBXGroup;
			children = (
				F7991B1D262B013C003CE562 /* ETSGradientButton.swift */,
			);
			path = ETSGradientButton;
			sourceTree = "<group>";
		};
/* End PBXGroup section */

/* Begin PBXNativeTarget section */
		F70A03D3262A0DFF0016250F /* ETSWorkshop */ = {
			isa = PBXNativeTarget;
			buildConfigurationList = F70A03E8262A0E000016250F /* Build configuration list for PBXNativeTarget "ETSWorkshop" */;
			buildPhases = (
				DF7988CE336BEE50BE577D7C /* [CP] Check Pods Manifest.lock */,
				F70A03D0262A0DFF0016250F /* Sources */,
				F70A03D1262A0DFF0016250F /* Frameworks */,
				F70A03D2262A0DFF0016250F /* Resources */,
				0F1685FB403410FB20B9C430 /* [CP] Embed Pods Frameworks */,
			);
			buildRules = (
			);
			dependencies = (
			);
			name = ETSWorkshop;
			productName = ETSWorkshop;
			productReference = F70A03D4262A0DFF0016250F /* ETSWorkshop.app */;
			productType = "com.apple.product-type.application";
		};
/* End PBXNativeTarget section */

/* Begin PBXProject section */
		F70A03CC262A0DFF0016250F /* Project object */ = {
			isa = PBXProject;
			attributes = {
				LastSwiftUpdateCheck = 1240;
				LastUpgradeCheck = 1240;
				TargetAttributes = {
					F70A03D3262A0DFF0016250F = {
						CreatedOnToolsVersion = 12.4;
					};
				};
			};
			buildConfigurationList = F70A03CF262A0DFF0016250F /* Build configuration list for PBXProject "ETSWorkshop" */;
			compatibilityVersion = "Xcode 9.3";
			developmentRegion = en;
			hasScannedForEncodings = 0;
			knownRegions = (
				en,
				Base,
			);
			mainGroup = F70A03CB262A0DFF0016250F;
			productRefGroup = F70A03D5262A0DFF0016250F /* Products */;
			projectDirPath = "";
			projectRoot = "";
			targets = (
				F70A03D3262A0DFF0016250F /* ETSWorkshop */,
			);
		};
/* End PBXProject section */

/* Begin PBXResourcesBuildPhase section */
		F70A03D2262A0DFF0016250F /* Resources */ = {
			isa = PBXResourcesBuildPhase;
			buildActionMask = 2147483647;
			files = (
				F70A03E4262A0E000016250F /* LaunchScreen.storyboard in Resources */,
				F7991D0F262B70DB003CE562 /* ETSLabelPhoneTextFieldView.xib in Resources */,
				F70A03E1262A0E000016250F /* Assets.xcassets in Resources */,
				F7991CFA262B6DBC003CE562 /* ETSLabelTextFieldView.xib in Resources */,
				F7991B00262A3629003CE562 /* PersonTableViewCell.xib in Resources */,
				F7991D07262B6FCC003CE562 /* ETSLabelDatePickerView.xib in Resources */,
				F7991B67262B641F003CE562 /* Rubik-Medium.ttf in Resources */,
				F7991B68262B641F003CE562 /* Rubik-Bold.ttf in Resources */,
				F7991B66262B641F003CE562 /* Rubik-Regular.ttf in Resources */,
				F70A03DF262A0DFF0016250F /* Main.storyboard in Resources */,
				F7991B69262B641F003CE562 /* Rubik-SemiBold.ttf in Resources */,
			);
			runOnlyForDeploymentPostprocessing = 0;
		};
/* End PBXResourcesBuildPhase section */

/* Begin PBXShellScriptBuildPhase section */
		0F1685FB403410FB20B9C430 /* [CP] Embed Pods Frameworks */ = {
			isa = PBXShellScriptBuildPhase;
			buildActionMask = 2147483647;
			files = (
			);
			inputFileListPaths = (
				"${PODS_ROOT}/Target Support Files/Pods-ETSWorkshop/Pods-ETSWorkshop-frameworks-${CONFIGURATION}-input-files.xcfilelist",
			);
			name = "[CP] Embed Pods Frameworks";
			outputFileListPaths = (
				"${PODS_ROOT}/Target Support Files/Pods-ETSWorkshop/Pods-ETSWorkshop-frameworks-${CONFIGURATION}-output-files.xcfilelist",
			);
			runOnlyForDeploymentPostprocessing = 0;
			shellPath = /bin/sh;
			shellScript = "\"${PODS_ROOT}/Target Support Files/Pods-ETSWorkshop/Pods-ETSWorkshop-frameworks.sh\"\n";
			showEnvVarsInLog = 0;
		};
		DF7988CE336BEE50BE577D7C /* [CP] Check Pods Manifest.lock */ = {
			isa = PBXShellScriptBuildPhase;
			buildActionMask = 2147483647;
			files = (
			);
			inputFileListPaths = (
			);
			inputPaths = (
				"${PODS_PODFILE_DIR_PATH}/Podfile.lock",
				"${PODS_ROOT}/Manifest.lock",
			);
			name = "[CP] Check Pods Manifest.lock";
			outputFileListPaths = (
			);
			outputPaths = (
				"$(DERIVED_FILE_DIR)/Pods-ETSWorkshop-checkManifestLockResult.txt",
			);
			runOnlyForDeploymentPostprocessing = 0;
			shellPath = /bin/sh;
			shellScript = "diff \"${PODS_PODFILE_DIR_PATH}/Podfile.lock\" \"${PODS_ROOT}/Manifest.lock\" > /dev/null\nif [ $? != 0 ] ; then\n    # print error to STDERR\n    echo \"error: The sandbox is not in sync with the Podfile.lock. Run 'pod install' or update your CocoaPods installation.\" >&2\n    exit 1\nfi\n# This output is used by Xcode 'outputs' to avoid re-running this script phase.\necho \"SUCCESS\" > \"${SCRIPT_OUTPUT_FILE_0}\"\n";
			showEnvVarsInLog = 0;
		};
/* End PBXShellScriptBuildPhase section */

/* Begin PBXSourcesBuildPhase section */
		F70A03D0262A0DFF0016250F /* Sources */ = {
			isa = PBXSourcesBuildPhase;
			buildActionMask = 2147483647;
			files = (
				F7991B44262B2665003CE562 /* String+Extensions.swift in Sources */,
				F7991B3F262B10A2003CE562 /* Date+Extensitons.swift in Sources */,
				F7991AF6262A3194003CE562 /* PersonData.swift in Sources */,
				F70A03DC262A0DFF0016250F /* HomeViewController.swift in Sources */,
				F7991D03262B6FC0003CE562 /* ETSLabelDatePickerView.swift in Sources */,
				F7991B5E262B5DBB003CE562 /* MessageVC.swift in Sources */,
				F7991B1E262B013C003CE562 /* ETSGradientButton.swift in Sources */,
				F7991B0D262AF871003CE562 /* PersonDetailVC.swift in Sources */,
				F7991B3B262B0CEF003CE562 /* PersonDetailViewModel.swift in Sources */,
				F70A03D8262A0DFF0016250F /* AppDelegate.swift in Sources */,
				F7991D0B262B70D5003CE562 /* ETSLabelPhoneTextFieldView.swift in Sources */,
				F7991B78262B64DC003CE562 /* FontFace.swift in Sources */,
				F7991CF7262B6DB0003CE562 /* ETSLabelTextFieldView.swift in Sources */,
				F7991D22262B8814003CE562 /* TextField+Extentions.swift in Sources */,
				F7991AFF262A3629003CE562 /* PersonTableViewCell.swift in Sources */,
				F7991AF9262A3210003CE562 /* HomeViewModel.swift in Sources */,
				F7991B47262B2825003CE562 /* RegexPattern.swift in Sources */,
			);
			runOnlyForDeploymentPostprocessing = 0;
		};
/* End PBXSourcesBuildPhase section */

/* Begin PBXVariantGroup section */
		F70A03DD262A0DFF0016250F /* Main.storyboard */ = {
			isa = PBXVariantGroup;
			children = (
				F70A03DE262A0DFF0016250F /* Base */,
			);
			name = Main.storyboard;
			sourceTree = "<group>";
		};
		F70A03E2262A0E000016250F /* LaunchScreen.storyboard */ = {
			isa = PBXVariantGroup;
			children = (
				F70A03E3262A0E000016250F /* Base */,
			);
			name = LaunchScreen.storyboard;
			sourceTree = "<group>";
		};
/* End PBXVariantGroup section */

/* Begin XCBuildConfiguration section */
		F70A03E6262A0E000016250F /* Debug */ = {
			isa = XCBuildConfiguration;
			buildSettings = {
				ALWAYS_SEARCH_USER_PATHS = NO;
				CLANG_ANALYZER_NONNULL = YES;
				CLANG_ANALYZER_NUMBER_OBJECT_CONVERSION = YES_AGGRESSIVE;
				CLANG_CXX_LANGUAGE_STANDARD = "gnu++14";
				CLANG_CXX_LIBRARY = "libc++";
				CLANG_ENABLE_MODULES = YES;
				CLANG_ENABLE_OBJC_ARC = YES;
				CLANG_ENABLE_OBJC_WEAK = YES;
				CLANG_WARN_BLOCK_CAPTURE_AUTORELEASING = YES;
				CLANG_WARN_BOOL_CONVERSION = YES;
				CLANG_WARN_COMMA = YES;
				CLANG_WARN_CONSTANT_CONVERSION = YES;
				CLANG_WARN_DEPRECATED_OBJC_IMPLEMENTATIONS = YES;
				CLANG_WARN_DIRECT_OBJC_ISA_USAGE = YES_ERROR;
				CLANG_WARN_DOCUMENTATION_COMMENTS = YES;
				CLANG_WARN_EMPTY_BODY = YES;
				CLANG_WARN_ENUM_CONVERSION = YES;
				CLANG_WARN_INFINITE_RECURSION = YES;
				CLANG_WARN_INT_CONVERSION = YES;
				CLANG_WARN_NON_LITERAL_NULL_CONVERSION = YES;
				CLANG_WARN_OBJC_IMPLICIT_RETAIN_SELF = YES;
				CLANG_WARN_OBJC_LITERAL_CONVERSION = YES;
				CLANG_WARN_OBJC_ROOT_CLASS = YES_ERROR;
				CLANG_WARN_QUOTED_INCLUDE_IN_FRAMEWORK_HEADER = YES;
				CLANG_WARN_RANGE_LOOP_ANALYSIS = YES;
				CLANG_WARN_STRICT_PROTOTYPES = YES;
				CLANG_WARN_SUSPICIOUS_MOVE = YES;
				CLANG_WARN_UNGUARDED_AVAILABILITY = YES_AGGRESSIVE;
				CLANG_WARN_UNREACHABLE_CODE = YES;
				CLANG_WARN__DUPLICATE_METHOD_MATCH = YES;
				COPY_PHASE_STRIP = NO;
				DEBUG_INFORMATION_FORMAT = dwarf;
				ENABLE_STRICT_OBJC_MSGSEND = YES;
				ENABLE_TESTABILITY = YES;
				GCC_C_LANGUAGE_STANDARD = gnu11;
				GCC_DYNAMIC_NO_PIC = NO;
				GCC_NO_COMMON_BLOCKS = YES;
				GCC_OPTIMIZATION_LEVEL = 0;
				GCC_PREPROCESSOR_DEFINITIONS = (
					"DEBUG=1",
					"$(inherited)",
				);
				GCC_WARN_64_TO_32_BIT_CONVERSION = YES;
				GCC_WARN_ABOUT_RETURN_TYPE = YES_ERROR;
				GCC_WARN_UNDECLARED_SELECTOR = YES;
				GCC_WARN_UNINITIALIZED_AUTOS = YES_AGGRESSIVE;
				GCC_WARN_UNUSED_FUNCTION = YES;
				GCC_WARN_UNUSED_VARIABLE = YES;
				IPHONEOS_DEPLOYMENT_TARGET = 14.4;
				MTL_ENABLE_DEBUG_INFO = INCLUDE_SOURCE;
				MTL_FAST_MATH = YES;
				ONLY_ACTIVE_ARCH = YES;
				SDKROOT = iphoneos;
				SWIFT_ACTIVE_COMPILATION_CONDITIONS = DEBUG;
				SWIFT_OPTIMIZATION_LEVEL = "-Onone";
			};
			name = Debug;
		};
		F70A03E7262A0E000016250F /* Release */ = {
			isa = XCBuildConfiguration;
			buildSettings = {
				ALWAYS_SEARCH_USER_PATHS = NO;
				CLANG_ANALYZER_NONNULL = YES;
				CLANG_ANALYZER_NUMBER_OBJECT_CONVERSION = YES_AGGRESSIVE;
				CLANG_CXX_LANGUAGE_STANDARD = "gnu++14";
				CLANG_CXX_LIBRARY = "libc++";
				CLANG_ENABLE_MODULES = YES;
				CLANG_ENABLE_OBJC_ARC = YES;
				CLANG_ENABLE_OBJC_WEAK = YES;
				CLANG_WARN_BLOCK_CAPTURE_AUTORELEASING = YES;
				CLANG_WARN_BOOL_CONVERSION = YES;
				CLANG_WARN_COMMA = YES;
				CLANG_WARN_CONSTANT_CONVERSION = YES;
				CLANG_WARN_DEPRECATED_OBJC_IMPLEMENTATIONS = YES;
				CLANG_WARN_DIRECT_OBJC_ISA_USAGE = YES_ERROR;
				CLANG_WARN_DOCUMENTATION_COMMENTS = YES;
				CLANG_WARN_EMPTY_BODY = YES;
				CLANG_WARN_ENUM_CONVERSION = YES;
				CLANG_WARN_INFINITE_RECURSION = YES;
				CLANG_WARN_INT_CONVERSION = YES;
				CLANG_WARN_NON_LITERAL_NULL_CONVERSION = YES;
				CLANG_WARN_OBJC_IMPLICIT_RETAIN_SELF = YES;
				CLANG_WARN_OBJC_LITERAL_CONVERSION = YES;
				CLANG_WARN_OBJC_ROOT_CLASS = YES_ERROR;
				CLANG_WARN_QUOTED_INCLUDE_IN_FRAMEWORK_HEADER = YES;
				CLANG_WARN_RANGE_LOOP_ANALYSIS = YES;
				CLANG_WARN_STRICT_PROTOTYPES = YES;
				CLANG_WARN_SUSPICIOUS_MOVE = YES;
				CLANG_WARN_UNGUARDED_AVAILABILITY = YES_AGGRESSIVE;
				CLANG_WARN_UNREACHABLE_CODE = YES;
				CLANG_WARN__DUPLICATE_METHOD_MATCH = YES;
				COPY_PHASE_STRIP = NO;
				DEBUG_INFORMATION_FORMAT = "dwarf-with-dsym";
				ENABLE_NS_ASSERTIONS = NO;
				ENABLE_STRICT_OBJC_MSGSEND = YES;
				GCC_C_LANGUAGE_STANDARD = gnu11;
				GCC_NO_COMMON_BLOCKS = YES;
				GCC_WARN_64_TO_32_BIT_CONVERSION = YES;
				GCC_WARN_ABOUT_RETURN_TYPE = YES_ERROR;
				GCC_WARN_UNDECLARED_SELECTOR = YES;
				GCC_WARN_UNINITIALIZED_AUTOS = YES_AGGRESSIVE;
				GCC_WARN_UNUSED_FUNCTION = YES;
				GCC_WARN_UNUSED_VARIABLE = YES;
				IPHONEOS_DEPLOYMENT_TARGET = 14.4;
				MTL_ENABLE_DEBUG_INFO = NO;
				MTL_FAST_MATH = YES;
				SDKROOT = iphoneos;
				SWIFT_COMPILATION_MODE = wholemodule;
				SWIFT_OPTIMIZATION_LEVEL = "-O";
				VALIDATE_PRODUCT = YES;
			};
			name = Release;
		};
		F70A03E9262A0E000016250F /* Debug */ = {
			isa = XCBuildConfiguration;
			baseConfigurationReference = 7754AEDE999D356EBB8FE026 /* Pods-ETSWorkshop.debug.xcconfig */;
			buildSettings = {
				ASSETCATALOG_COMPILER_APPICON_NAME = AppIcon;
				ASSETCATALOG_COMPILER_GLOBAL_ACCENT_COLOR_NAME = AccentColor;
				CODE_SIGN_STYLE = Automatic;
				DEVELOPMENT_TEAM = 8ZB49XM27T;
				INFOPLIST_FILE = "ETSWorkshop/Supporting Files/Info.plist";
				IPHONEOS_DEPLOYMENT_TARGET = 11.0;
				LD_RUNPATH_SEARCH_PATHS = (
					"$(inherited)",
					"@executable_path/Frameworks",
				);
				PRODUCT_BUNDLE_IDENTIFIER = com.ko.ETSWorkshop;
				PRODUCT_NAME = "$(TARGET_NAME)";
				SWIFT_VERSION = 5.0;
				TARGETED_DEVICE_FAMILY = "1,2";
			};
			name = Debug;
		};
		F70A03EA262A0E000016250F /* Release */ = {
			isa = XCBuildConfiguration;
			baseConfigurationReference = 7D8380383D03085775FCBAA2 /* Pods-ETSWorkshop.release.xcconfig */;
			buildSettings = {
				ASSETCATALOG_COMPILER_APPICON_NAME = AppIcon;
				ASSETCATALOG_COMPILER_GLOBAL_ACCENT_COLOR_NAME = AccentColor;
				CODE_SIGN_STYLE = Automatic;
				DEVELOPMENT_TEAM = 8ZB49XM27T;
				INFOPLIST_FILE = "ETSWorkshop/Supporting Files/Info.plist";
				IPHONEOS_DEPLOYMENT_TARGET = 11.0;
				LD_RUNPATH_SEARCH_PATHS = (
					"$(inherited)",
					"@executable_path/Frameworks",
				);
				PRODUCT_BUNDLE_IDENTIFIER = com.ko.ETSWorkshop;
				PRODUCT_NAME = "$(TARGET_NAME)";
				SWIFT_VERSION = 5.0;
				TARGETED_DEVICE_FAMILY = "1,2";
			};
			name = Release;
		};
/* End XCBuildConfiguration section */

/* Begin XCConfigurationList section */
		F70A03CF262A0DFF0016250F /* Build configuration list for PBXProject "ETSWorkshop" */ = {
			isa = XCConfigurationList;
			buildConfigurations = (
				F70A03E6262A0E000016250F /* Debug */,
				F70A03E7262A0E000016250F /* Release */,
			);
			defaultConfigurationIsVisible = 0;
			defaultConfigurationName = Release;
		};
		F70A03E8262A0E000016250F /* Build configuration list for PBXNativeTarget "ETSWorkshop" */ = {
			isa = XCConfigurationList;
			buildConfigurations = (
				F70A03E9262A0E000016250F /* Debug */,
				F70A03EA262A0E000016250F /* Release */,
			);
			defaultConfigurationIsVisible = 0;
			defaultConfigurationName = Release;
		};
/* End XCConfigurationList section */
	};
	rootObject = F70A03CC262A0DFF0016250F /* Project object */;
}
